// !$*UTF8*$!
{
	archiveVersion = 1;
	classes = {
	};
	objectVersion = 55;
	objects = {

/* Begin PBXBuildFile section */
		4C1D486528467DF000725266 /* AppDelegate.swift in Sources */ = {isa = PBXBuildFile; fileRef = 4C1D486428467DF000725266 /* AppDelegate.swift */; };
		4C1D486728467DF000725266 /* SceneDelegate.swift in Sources */ = {isa = PBXBuildFile; fileRef = 4C1D486628467DF000725266 /* SceneDelegate.swift */; };
		4C1D486928467DF000725266 /* MainViewController.swift in Sources */ = {isa = PBXBuildFile; fileRef = 4C1D486828467DF000725266 /* MainViewController.swift */; };
		4C1D486E28467DF200725266 /* Assets.xcassets in Resources */ = {isa = PBXBuildFile; fileRef = 4C1D486D28467DF200725266 /* Assets.xcassets */; };
		4C1D487128467DF200725266 /* LaunchScreen.storyboard in Resources */ = {isa = PBXBuildFile; fileRef = 4C1D486F28467DF200725266 /* LaunchScreen.storyboard */; };
		4C1D48792846809500725266 /* RecipesTableViewCell.swift in Sources */ = {isa = PBXBuildFile; fileRef = 4C1D48782846809500725266 /* RecipesTableViewCell.swift */; };
		4C1D487B2846814A00725266 /* DetailsViewController.swift in Sources */ = {isa = PBXBuildFile; fileRef = 4C1D487A2846814A00725266 /* DetailsViewController.swift */; };
		4C1D487D284681A900725266 /* UIStackView + Extensions.swift in Sources */ = {isa = PBXBuildFile; fileRef = 4C1D487C284681A900725266 /* UIStackView + Extensions.swift */; };
		4C1D4881284681BF00725266 /* UILabel + Extensions.swift in Sources */ = {isa = PBXBuildFile; fileRef = 4C1D4880284681BF00725266 /* UILabel + Extensions.swift */; };
		4C1D488728468C3100725266 /* RandomCollectionViewCell.swift in Sources */ = {isa = PBXBuildFile; fileRef = 4C1D488628468C3100725266 /* RandomCollectionViewCell.swift */; };
		4C1D488928476EEB00725266 /* RecipesModel.swift in Sources */ = {isa = PBXBuildFile; fileRef = 4C1D488828476EEB00725266 /* RecipesModel.swift */; };
		4C1D488C2847708100725266 /* NetworkRequest.swift in Sources */ = {isa = PBXBuildFile; fileRef = 4C1D488B2847708100725266 /* NetworkRequest.swift */; };
		4C1D488E284770AC00725266 /* NetworkDataFetch.swift in Sources */ = {isa = PBXBuildFile; fileRef = 4C1D488D284770AC00725266 /* NetworkDataFetch.swift */; };
		4C1D4890284770C000725266 /* NetworkImageFetch.swift in Sources */ = {isa = PBXBuildFile; fileRef = 4C1D488F284770C000725266 /* NetworkImageFetch.swift */; };
		4C2FC0B328510327001A5625 /* String + Extensions.swift in Sources */ = {isa = PBXBuildFile; fileRef = 4C2FC0B228510327001A5625 /* String + Extensions.swift */; };
		4C2FC0B528510677001A5625 /* TimesNR.ttf in Resources */ = {isa = PBXBuildFile; fileRef = 4C2FC0B428510675001A5625 /* TimesNR.ttf */; };
		4C2FC0B8285106D9001A5625 /* UIFont + Extensions.swift in Sources */ = {isa = PBXBuildFile; fileRef = 4C2FC0B7285106D8001A5625 /* UIFont + Extensions.swift */; };
		4C5BDB5B28494A6F00F36AE8 /* RecipeCollectionViewCell.swift in Sources */ = {isa = PBXBuildFile; fileRef = 4C5BDB5A28494A6E00F36AE8 /* RecipeCollectionViewCell.swift */; };
/* End PBXBuildFile section */

/* Begin PBXFileReference section */
		4C1D486128467DF000725266 /* GoodRecipes.app */ = {isa = PBXFileReference; explicitFileType = wrapper.application; includeInIndex = 0; path = GoodRecipes.app; sourceTree = BUILT_PRODUCTS_DIR; };
		4C1D486428467DF000725266 /* AppDelegate.swift */ = {isa = PBXFileReference; lastKnownFileType = sourcecode.swift; path = AppDelegate.swift; sourceTree = "<group>"; };
		4C1D486628467DF000725266 /* SceneDelegate.swift */ = {isa = PBXFileReference; lastKnownFileType = sourcecode.swift; path = SceneDelegate.swift; sourceTree = "<group>"; };
		4C1D486828467DF000725266 /* MainViewController.swift */ = {isa = PBXFileReference; lastKnownFileType = sourcecode.swift; path = MainViewController.swift; sourceTree = "<group>"; };
		4C1D486D28467DF200725266 /* Assets.xcassets */ = {isa = PBXFileReference; lastKnownFileType = folder.assetcatalog; path = Assets.xcassets; sourceTree = "<group>"; };
		4C1D487028467DF200725266 /* Base */ = {isa = PBXFileReference; lastKnownFileType = file.storyboard; name = Base; path = Base.lproj/LaunchScreen.storyboard; sourceTree = "<group>"; };
		4C1D487228467DF200725266 /* Info.plist */ = {isa = PBXFileReference; lastKnownFileType = text.plist.xml; path = Info.plist; sourceTree = "<group>"; };
		4C1D48782846809500725266 /* RecipesTableViewCell.swift */ = {isa = PBXFileReference; fileEncoding = 4; lastKnownFileType = sourcecode.swift; path = RecipesTableViewCell.swift; sourceTree = "<group>"; };
		4C1D487A2846814A00725266 /* DetailsViewController.swift */ = {isa = PBXFileReference; fileEncoding = 4; lastKnownFileType = sourcecode.swift; path = DetailsViewController.swift; sourceTree = "<group>"; };
		4C1D487C284681A900725266 /* UIStackView + Extensions.swift */ = {isa = PBXFileReference; fileEncoding = 4; lastKnownFileType = sourcecode.swift; path = "UIStackView + Extensions.swift"; sourceTree = "<group>"; };
		4C1D4880284681BF00725266 /* UILabel + Extensions.swift */ = {isa = PBXFileReference; fileEncoding = 4; lastKnownFileType = sourcecode.swift; path = "UILabel + Extensions.swift"; sourceTree = "<group>"; };
		4C1D488628468C3100725266 /* RandomCollectionViewCell.swift */ = {isa = PBXFileReference; fileEncoding = 4; lastKnownFileType = sourcecode.swift; path = RandomCollectionViewCell.swift; sourceTree = "<group>"; };
		4C1D488828476EEB00725266 /* RecipesModel.swift */ = {isa = PBXFileReference; lastKnownFileType = sourcecode.swift; path = RecipesModel.swift; sourceTree = "<group>"; };
		4C1D488B2847708100725266 /* NetworkRequest.swift */ = {isa = PBXFileReference; fileEncoding = 4; lastKnownFileType = sourcecode.swift; path = NetworkRequest.swift; sourceTree = "<group>"; };
		4C1D488D284770AC00725266 /* NetworkDataFetch.swift */ = {isa = PBXFileReference; fileEncoding = 4; lastKnownFileType = sourcecode.swift; path = NetworkDataFetch.swift; sourceTree = "<group>"; };
		4C1D488F284770C000725266 /* NetworkImageFetch.swift */ = {isa = PBXFileReference; fileEncoding = 4; lastKnownFileType = sourcecode.swift; path = NetworkImageFetch.swift; sourceTree = "<group>"; };
		4C2FC0B228510327001A5625 /* String + Extensions.swift */ = {isa = PBXFileReference; lastKnownFileType = sourcecode.swift; path = "String + Extensions.swift"; sourceTree = "<group>"; };
		4C2FC0B428510675001A5625 /* TimesNR.ttf */ = {isa = PBXFileReference; lastKnownFileType = file; path = TimesNR.ttf; sourceTree = "<group>"; };
		4C2FC0B7285106D8001A5625 /* UIFont + Extensions.swift */ = {isa = PBXFileReference; lastKnownFileType = sourcecode.swift; path = "UIFont + Extensions.swift"; sourceTree = "<group>"; };
		4C5BDB5A28494A6E00F36AE8 /* RecipeCollectionViewCell.swift */ = {isa = PBXFileReference; fileEncoding = 4; lastKnownFileType = sourcecode.swift; path = RecipeCollectionViewCell.swift; sourceTree = "<group>"; };
/* End PBXFileReference section */

/* Begin PBXFrameworksBuildPhase section */
		4C1D485E28467DF000725266 /* Frameworks */ = {
			isa = PBXFrameworksBuildPhase;
			buildActionMask = 2147483647;
			files = (
			);
			runOnlyForDeploymentPostprocessing = 0;
		};
/* End PBXFrameworksBuildPhase section */

/* Begin PBXGroup section */
		4C1D485828467DF000725266 = {
			isa = PBXGroup;
			children = (
				4C1D486328467DF000725266 /* GoodRecipes */,
				4C1D486228467DF000725266 /* Products */,
			);
			sourceTree = "<group>";
		};
		4C1D486228467DF000725266 /* Products */ = {
			isa = PBXGroup;
			children = (
				4C1D486128467DF000725266 /* GoodRecipes.app */,
			);
			name = Products;
			sourceTree = "<group>";
		};
		4C1D486328467DF000725266 /* GoodRecipes */ = {
			isa = PBXGroup;
			children = (
				4C2FC0AF285100EC001A5625 /* Applications */,
				4C5BDB5C284A6DF700F36AE8 /* Models */,
				4C1D488A2847707100725266 /* Network */,
				4C5BDB532847AE6500F36AE8 /* Cells */,
				4C5BDB522847AE4C00F36AE8 /* ViewControllers */,
				4C2FC0B02851010F001A5625 /* Extensions */,
				4C2FC0B128510145001A5625 /* Resources */,
			);
			path = GoodRecipes;
			sourceTree = "<group>";
		};
		4C1D488A2847707100725266 /* Network */ = {
			isa = PBXGroup;
			children = (
				4C1D488B2847708100725266 /* NetworkRequest.swift */,
				4C1D488D284770AC00725266 /* NetworkDataFetch.swift */,
				4C1D488F284770C000725266 /* NetworkImageFetch.swift */,
			);
			path = Network;
			sourceTree = "<group>";
		};
		4C2FC0AF285100EC001A5625 /* Applications */ = {
			isa = PBXGroup;
			children = (
				4C1D486428467DF000725266 /* AppDelegate.swift */,
				4C1D486628467DF000725266 /* SceneDelegate.swift */,
			);
			path = Applications;
			sourceTree = "<group>";
		};
		4C2FC0B02851010F001A5625 /* Extensions */ = {
			isa = PBXGroup;
			children = (
				4C1D4880284681BF00725266 /* UILabel + Extensions.swift */,
				4C2FC0B228510327001A5625 /* String + Extensions.swift */,
				4C1D487C284681A900725266 /* UIStackView + Extensions.swift */,
				4C2FC0B7285106D8001A5625 /* UIFont + Extensions.swift */,
			);
			path = Extensions;
			sourceTree = "<group>";
		};
		4C2FC0B128510145001A5625 /* Resources */ = {
			isa = PBXGroup;
			children = (
				4C2FC0B6285106B4001A5625 /* Fonts */,
				4C1D486D28467DF200725266 /* Assets.xcassets */,
				4C1D486F28467DF200725266 /* LaunchScreen.storyboard */,
				4C1D487228467DF200725266 /* Info.plist */,
			);
			path = Resources;
			sourceTree = "<group>";
		};
		4C2FC0B6285106B4001A5625 /* Fonts */ = {
			isa = PBXGroup;
			children = (
				4C2FC0B428510675001A5625 /* TimesNR.ttf */,
			);
			path = Fonts;
			sourceTree = "<group>";
		};
		4C5BDB522847AE4C00F36AE8 /* ViewControllers */ = {
			isa = PBXGroup;
			children = (
				4C1D486828467DF000725266 /* MainViewController.swift */,
				4C1D487A2846814A00725266 /* DetailsViewController.swift */,
			);
			path = ViewControllers;
			sourceTree = "<group>";
		};
		4C5BDB532847AE6500F36AE8 /* Cells */ = {
			isa = PBXGroup;
			children = (
				4C1D48782846809500725266 /* RecipesTableViewCell.swift */,
				4C5BDB5A28494A6E00F36AE8 /* RecipeCollectionViewCell.swift */,
				4C1D488628468C3100725266 /* RandomCollectionViewCell.swift */,
			);
			path = Cells;
			sourceTree = "<group>";
		};
		4C5BDB5C284A6DF700F36AE8 /* Models */ = {
			isa = PBXGroup;
			children = (
				4C1D488828476EEB00725266 /* RecipesModel.swift */,
			);
			path = Models;
			sourceTree = "<group>";
		};
/* End PBXGroup section */

/* Begin PBXNativeTarget section */
		4C1D486028467DF000725266 /* GoodRecipes */ = {
			isa = PBXNativeTarget;
			buildConfigurationList = 4C1D487528467DF200725266 /* Build configuration list for PBXNativeTarget "GoodRecipes" */;
			buildPhases = (
				4C1D485D28467DF000725266 /* Sources */,
				4C1D485E28467DF000725266 /* Frameworks */,
				4C1D485F28467DF000725266 /* Resources */,
			);
			buildRules = (
			);
			dependencies = (
			);
			name = GoodRecipes;
			productName = GoodRecipes;
			productReference = 4C1D486128467DF000725266 /* GoodRecipes.app */;
			productType = "com.apple.product-type.application";
		};
/* End PBXNativeTarget section */

/* Begin PBXProject section */
		4C1D485928467DF000725266 /* Project object */ = {
			isa = PBXProject;
			attributes = {
				BuildIndependentTargetsInParallel = 1;
				LastSwiftUpdateCheck = 1330;
				LastUpgradeCheck = 1330;
				TargetAttributes = {
					4C1D486028467DF000725266 = {
						CreatedOnToolsVersion = 13.3.1;
					};
				};
			};
			buildConfigurationList = 4C1D485C28467DF000725266 /* Build configuration list for PBXProject "GoodRecipes" */;
			compatibilityVersion = "Xcode 13.0";
			developmentRegion = en;
			hasScannedForEncodings = 0;
			knownRegions = (
				en,
				Base,
			);
			mainGroup = 4C1D485828467DF000725266;
			productRefGroup = 4C1D486228467DF000725266 /* Products */;
			projectDirPath = "";
			projectRoot = "";
			targets = (
				4C1D486028467DF000725266 /* GoodRecipes */,
			);
		};
/* End PBXProject section */

/* Begin PBXResourcesBuildPhase section */
		4C1D485F28467DF000725266 /* Resources */ = {
			isa = PBXResourcesBuildPhase;
			buildActionMask = 2147483647;
			files = (
				4C2FC0B528510677001A5625 /* TimesNR.ttf in Resources */,
				4C1D487128467DF200725266 /* LaunchScreen.storyboard in Resources */,
				4C1D486E28467DF200725266 /* Assets.xcassets in Resources */,
			);
			runOnlyForDeploymentPostprocessing = 0;
		};
/* End PBXResourcesBuildPhase section */

/* Begin PBXSourcesBuildPhase section */
		4C1D485D28467DF000725266 /* Sources */ = {
			isa = PBXSourcesBuildPhase;
			buildActionMask = 2147483647;
			files = (
				4C1D488C2847708100725266 /* NetworkRequest.swift in Sources */,
				4C1D486928467DF000725266 /* MainViewController.swift in Sources */,
				4C1D488928476EEB00725266 /* RecipesModel.swift in Sources */,
				4C5BDB5B28494A6F00F36AE8 /* RecipeCollectionViewCell.swift in Sources */,
				4C2FC0B328510327001A5625 /* String + Extensions.swift in Sources */,
				4C1D487D284681A900725266 /* UIStackView + Extensions.swift in Sources */,
				4C1D486528467DF000725266 /* AppDelegate.swift in Sources */,
				4C1D488728468C3100725266 /* RandomCollectionViewCell.swift in Sources */,
				4C1D486728467DF000725266 /* SceneDelegate.swift in Sources */,
				4C1D488E284770AC00725266 /* NetworkDataFetch.swift in Sources */,
				4C1D48792846809500725266 /* RecipesTableViewCell.swift in Sources */,
				4C1D4890284770C000725266 /* NetworkImageFetch.swift in Sources */,
				4C2FC0B8285106D9001A5625 /* UIFont + Extensions.swift in Sources */,
				4C1D4881284681BF00725266 /* UILabel + Extensions.swift in Sources */,
				4C1D487B2846814A00725266 /* DetailsViewController.swift in Sources */,
			);
			runOnlyForDeploymentPostprocessing = 0;
		};
/* End PBXSourcesBuildPhase section */

/* Begin PBXVariantGroup section */
		4C1D486F28467DF200725266 /* LaunchScreen.storyboard */ = {
			isa = PBXVariantGroup;
			children = (
				4C1D487028467DF200725266 /* Base */,
			);
			name = LaunchScreen.storyboard;
			sourceTree = "<group>";
		};
/* End PBXVariantGroup section */

/* Begin XCBuildConfiguration section */
		4C1D487328467DF200725266 /* Debug */ = {
			isa = XCBuildConfiguration;
			buildSettings = {
				ALWAYS_SEARCH_USER_PATHS = NO;
				CLANG_ANALYZER_NONNULL = YES;
				CLANG_ANALYZER_NUMBER_OBJECT_CONVERSION = YES_AGGRESSIVE;
				CLANG_CXX_LANGUAGE_STANDARD = "gnu++17";
				CLANG_ENABLE_MODULES = YES;
				CLANG_ENABLE_OBJC_ARC = YES;
				CLANG_ENABLE_OBJC_WEAK = YES;
				CLANG_WARN_BLOCK_CAPTURE_AUTORELEASING = YES;
				CLANG_WARN_BOOL_CONVERSION = YES;
				CLANG_WARN_COMMA = YES;
				CLANG_WARN_CONSTANT_CONVERSION = YES;
				CLANG_WARN_DEPRECATED_OBJC_IMPLEMENTATIONS = YES;
				CLANG_WARN_DIRECT_OBJC_ISA_USAGE = YES_ERROR;
				CLANG_WARN_DOCUMENTATION_COMMENTS = YES;
				CLANG_WARN_EMPTY_BODY = YES;
				CLANG_WARN_ENUM_CONVERSION = YES;
				CLANG_WARN_INFINITE_RECURSION = YES;
				CLANG_WARN_INT_CONVERSION = YES;
				CLANG_WARN_NON_LITERAL_NULL_CONVERSION = YES;
				CLANG_WARN_OBJC_IMPLICIT_RETAIN_SELF = YES;
				CLANG_WARN_OBJC_LITERAL_CONVERSION = YES;
				CLANG_WARN_OBJC_ROOT_CLASS = YES_ERROR;
				CLANG_WARN_QUOTED_INCLUDE_IN_FRAMEWORK_HEADER = YES;
				CLANG_WARN_RANGE_LOOP_ANALYSIS = YES;
				CLANG_WARN_STRICT_PROTOTYPES = YES;
				CLANG_WARN_SUSPICIOUS_MOVE = YES;
				CLANG_WARN_UNGUARDED_AVAILABILITY = YES_AGGRESSIVE;
				CLANG_WARN_UNREACHABLE_CODE = YES;
				CLANG_WARN__DUPLICATE_METHOD_MATCH = YES;
				COPY_PHASE_STRIP = NO;
				DEBUG_INFORMATION_FORMAT = dwarf;
				ENABLE_STRICT_OBJC_MSGSEND = YES;
				ENABLE_TESTABILITY = YES;
				GCC_C_LANGUAGE_STANDARD = gnu11;
				GCC_DYNAMIC_NO_PIC = NO;
				GCC_NO_COMMON_BLOCKS = YES;
				GCC_OPTIMIZATION_LEVEL = 0;
				GCC_PREPROCESSOR_DEFINITIONS = (
					"DEBUG=1",
					"$(inherited)",
				);
				GCC_WARN_64_TO_32_BIT_CONVERSION = YES;
				GCC_WARN_ABOUT_RETURN_TYPE = YES_ERROR;
				GCC_WARN_UNDECLARED_SELECTOR = YES;
				GCC_WARN_UNINITIALIZED_AUTOS = YES_AGGRESSIVE;
				GCC_WARN_UNUSED_FUNCTION = YES;
				GCC_WARN_UNUSED_VARIABLE = YES;
				IPHONEOS_DEPLOYMENT_TARGET = 15.4;
				MTL_ENABLE_DEBUG_INFO = INCLUDE_SOURCE;
				MTL_FAST_MATH = YES;
				ONLY_ACTIVE_ARCH = YES;
				SDKROOT = iphoneos;
				SWIFT_ACTIVE_COMPILATION_CONDITIONS = DEBUG;
				SWIFT_OPTIMIZATION_LEVEL = "-Onone";
			};
			name = Debug;
		};
		4C1D487428467DF200725266 /* Release */ = {
			isa = XCBuildConfiguration;
			buildSettings = {
				ALWAYS_SEARCH_USER_PATHS = NO;
				CLANG_ANALYZER_NONNULL = YES;
				CLANG_ANALYZER_NUMBER_OBJECT_CONVERSION = YES_AGGRESSIVE;
				CLANG_CXX_LANGUAGE_STANDARD = "gnu++17";
				CLANG_ENABLE_MODULES = YES;
				CLANG_ENABLE_OBJC_ARC = YES;
				CLANG_ENABLE_OBJC_WEAK = YES;
				CLANG_WARN_BLOCK_CAPTURE_AUTORELEASING = YES;
				CLANG_WARN_BOOL_CONVERSION = YES;
				CLANG_WARN_COMMA = YES;
				CLANG_WARN_CONSTANT_CONVERSION = YES;
				CLANG_WARN_DEPRECATED_OBJC_IMPLEMENTATIONS = YES;
				CLANG_WARN_DIRECT_OBJC_ISA_USAGE = YES_ERROR;
				CLANG_WARN_DOCUMENTATION_COMMENTS = YES;
				CLANG_WARN_EMPTY_BODY = YES;
				CLANG_WARN_ENUM_CONVERSION = YES;
				CLANG_WARN_INFINITE_RECURSION = YES;
				CLANG_WARN_INT_CONVERSION = YES;
				CLANG_WARN_NON_LITERAL_NULL_CONVERSION = YES;
				CLANG_WARN_OBJC_IMPLICIT_RETAIN_SELF = YES;
				CLANG_WARN_OBJC_LITERAL_CONVERSION = YES;
				CLANG_WARN_OBJC_ROOT_CLASS = YES_ERROR;
				CLANG_WARN_QUOTED_INCLUDE_IN_FRAMEWORK_HEADER = YES;
				CLANG_WARN_RANGE_LOOP_ANALYSIS = YES;
				CLANG_WARN_STRICT_PROTOTYPES = YES;
				CLANG_WARN_SUSPICIOUS_MOVE = YES;
				CLANG_WARN_UNGUARDED_AVAILABILITY = YES_AGGRESSIVE;
				CLANG_WARN_UNREACHABLE_CODE = YES;
				CLANG_WARN__DUPLICATE_METHOD_MATCH = YES;
				COPY_PHASE_STRIP = NO;
				DEBUG_INFORMATION_FORMAT = "dwarf-with-dsym";
				ENABLE_NS_ASSERTIONS = NO;
				ENABLE_STRICT_OBJC_MSGSEND = YES;
				GCC_C_LANGUAGE_STANDARD = gnu11;
				GCC_NO_COMMON_BLOCKS = YES;
				GCC_WARN_64_TO_32_BIT_CONVERSION = YES;
				GCC_WARN_ABOUT_RETURN_TYPE = YES_ERROR;
				GCC_WARN_UNDECLARED_SELECTOR = YES;
				GCC_WARN_UNINITIALIZED_AUTOS = YES_AGGRESSIVE;
				GCC_WARN_UNUSED_FUNCTION = YES;
				GCC_WARN_UNUSED_VARIABLE = YES;
				IPHONEOS_DEPLOYMENT_TARGET = 15.4;
				MTL_ENABLE_DEBUG_INFO = NO;
				MTL_FAST_MATH = YES;
				SDKROOT = iphoneos;
				SWIFT_COMPILATION_MODE = wholemodule;
				SWIFT_OPTIMIZATION_LEVEL = "-O";
				VALIDATE_PRODUCT = YES;
			};
			name = Release;
		};
		4C1D487628467DF200725266 /* Debug */ = {
			isa = XCBuildConfiguration;
			buildSettings = {
				ASSETCATALOG_COMPILER_APPICON_NAME = AppIcon;
				ASSETCATALOG_COMPILER_GLOBAL_ACCENT_COLOR_NAME = AccentColor;
				CODE_SIGN_STYLE = Automatic;
				CURRENT_PROJECT_VERSION = 1;
				DEVELOPMENT_TEAM = SQPM757FFZ;
				GENERATE_INFOPLIST_FILE = YES;
				INFOPLIST_FILE = GoodRecipes/Resources/Info.plist;
				INFOPLIST_KEY_UIApplicationSupportsIndirectInputEvents = YES;
				INFOPLIST_KEY_UILaunchStoryboardName = LaunchScreen;
				INFOPLIST_KEY_UISupportedInterfaceOrientations = UIInterfaceOrientationPortrait;
				INFOPLIST_KEY_UISupportedInterfaceOrientations_iPad = "UIInterfaceOrientationPortrait UIInterfaceOrientationPortraitUpsideDown UIInterfaceOrientationLandscapeLeft UIInterfaceOrientationLandscapeRight";
				INFOPLIST_KEY_UISupportedInterfaceOrientations_iPhone = "UIInterfaceOrientationPortrait UIInterfaceOrientationLandscapeLeft UIInterfaceOrientationLandscapeRight";
				LD_RUNPATH_SEARCH_PATHS = (
					"$(inherited)",
					"@executable_path/Frameworks",
				);
				MARKETING_VERSION = 1.0;
				PRODUCT_BUNDLE_IDENTIFIER = akhmetov.GoodRecipes;
				PRODUCT_NAME = "$(TARGET_NAME)";
				SWIFT_EMIT_LOC_STRINGS = YES;
				SWIFT_VERSION = 5.0;
				TARGETED_DEVICE_FAMILY = "1,2";
			};
			name = Debug;
		};
		4C1D487728467DF200725266 /* Release */ = {
			isa = XCBuildConfiguration;
			buildSettings = {
				ASSETCATALOG_COMPILER_APPICON_NAME = AppIcon;
				ASSETCATALOG_COMPILER_GLOBAL_ACCENT_COLOR_NAME = AccentColor;
				CODE_SIGN_STYLE = Automatic;
				CURRENT_PROJECT_VERSION = 1;
				DEVELOPMENT_TEAM = SQPM757FFZ;
				GENERATE_INFOPLIST_FILE = YES;
				INFOPLIST_FILE = GoodRecipes/Resources/Info.plist;
				INFOPLIST_KEY_UIApplicationSupportsIndirectInputEvents = YES;
				INFOPLIST_KEY_UILaunchStoryboardName = LaunchScreen;
				INFOPLIST_KEY_UISupportedInterfaceOrientations = UIInterfaceOrientationPortrait;
				INFOPLIST_KEY_UISupportedInterfaceOrientations_iPad = "UIInterfaceOrientationPortrait UIInterfaceOrientationPortraitUpsideDown UIInterfaceOrientationLandscapeLeft UIInterfaceOrientationLandscapeRight";
				INFOPLIST_KEY_UISupportedInterfaceOrientations_iPhone = "UIInterfaceOrientationPortrait UIInterfaceOrientationLandscapeLeft UIInterfaceOrientationLandscapeRight";
				LD_RUNPATH_SEARCH_PATHS = (
					"$(inherited)",
					"@executable_path/Frameworks",
				);
				MARKETING_VERSION = 1.0;
				PRODUCT_BUNDLE_IDENTIFIER = akhmetov.GoodRecipes;
				PRODUCT_NAME = "$(TARGET_NAME)";
				SWIFT_EMIT_LOC_STRINGS = YES;
				SWIFT_VERSION = 5.0;
				TARGETED_DEVICE_FAMILY = "1,2";
			};
			name = Release;
		};
/* End XCBuildConfiguration section */

/* Begin XCConfigurationList section */
		4C1D485C28467DF000725266 /* Build configuration list for PBXProject "GoodRecipes" */ = {
			isa = XCConfigurationList;
			buildConfigurations = (
				4C1D487328467DF200725266 /* Debug */,
				4C1D487428467DF200725266 /* Release */,
			);
			defaultConfigurationIsVisible = 0;
			defaultConfigurationName = Release;
		};
		4C1D487528467DF200725266 /* Build configuration list for PBXNativeTarget "GoodRecipes" */ = {
			isa = XCConfigurationList;
			buildConfigurations = (
				4C1D487628467DF200725266 /* Debug */,
				4C1D487728467DF200725266 /* Release */,
			);
			defaultConfigurationIsVisible = 0;
			defaultConfigurationName = Release;
		};
/* End XCConfigurationList section */
	};
	rootObject = 4C1D485928467DF000725266 /* Project object */;
}
